<?xml version="1.0" encoding="utf-8"?>
<Project ToolsVersion="4.0" xmlns="http://schemas.microsoft.com/developer/msbuild/2003">
  <ItemGroup>
    <Filter Include="Dream">
      <UniqueIdentifier>{2EC00D0D-9AD4-35BE-6356-D91DCF2932EF}</UniqueIdentifier>
    </Filter>
    <Filter Include="Dream\Events">
      <UniqueIdentifier>{52AC5FDB-3E0F-EF7F-E794-2736D3D6BA02}</UniqueIdentifier>
    </Filter>
  </ItemGroup>
  <ItemGroup>
    <ClInclude Include="src\Dream.h" />
    <ClInclude Include="src\Dream\Application.h">
      <Filter>Dream</Filter>
    </ClInclude>
    <ClInclude Include="src\Dream\Core.h">
      <Filter>Dream</Filter>
    </ClInclude>
    <ClInclude Include="src\Dream\EntryPoint.h">
      <Filter>Dream</Filter>
    </ClInclude>
    <ClInclude Include="src\Dream\Events\Event.h">
      <Filter>Dream\Events</Filter>
    </ClInclude>
    <ClInclude Include="src\Dream\Log.h">
      <Filter>Dream</Filter>
    </ClInclude>
    <ClInclude Include="src\Dream\Events\ApplicationEvent.h" />
    <ClInclude Include="src\Dream\Events\KeyEvent.h" />
    <ClInclude Include="src\Dream\Events\MouseEvent.h" />
  </ItemGroup>
  <ItemGroup>
    <ClCompile Include="src\Dream\Application.cpp">
      <Filter>Dream</Filter>
    </ClCompile>
    <ClCompile Include="src\Dream\Log.cpp">
      <Filter>Dream</Filter>
    </ClCompile>
  </ItemGroup>
</Project>